
Microsoft Visual Studio Solution File, Format Version 12.00
# Visual Studio 15
VisualStudioVersion = 15.0.28010.2016
MinimumVisualStudioVersion = 10.0.40219.1
Project("{FAE04EC0-301F-11D3-BF4B-00C04F79EFBC}") = "xamarinExample.Android", "xamarinExample\xamarinExample.Android\xamarinExample.Android.csproj", "{713511BF-6E52-4C80-8989-5DF850920186}"
EndProject
Project("{FAE04EC0-301F-11D3-BF4B-00C04F79EFBC}") = "xamarinExample.iOS", "xamarinExample\xamarinExample.iOS\xamarinExample.iOS.csproj", "{09AB8D88-042D-44CE-A124-4E0B958A8313}"
EndProject
Project("{FAE04EC0-301F-11D3-BF4B-00C04F79EFBC}") = "xamarinExample.UWP", "xamarinExample\xamarinExample.UWP\xamarinExample.UWP.csproj", "{814D7A2C-140F-4A6A-BA3E-70561779EA29}"
EndProject
Project("{FAE04EC0-301F-11D3-BF4B-00C04F79EFBC}") = "xamarinExample.MobileAppService", "xamarinExample\xamarinExample.MobileAppService\xamarinExample.MobileAppService.csproj", "{9C8B082A-EC14-4FAE-A125-BE89FF7BBDEA}"
EndProject
Project("{FAE04EC0-301F-11D3-BF4B-00C04F79EFBC}") = "xamarinExample", "xamarinExample\xamarinExample\xamarinExample.csproj", "{8A956AF9-7710-42C3-8D8C-A31990C01E0B}"
EndProject
Global
	GlobalSection(SolutionConfigurationPlatforms) = preSolution
		Debug|Any CPU = Debug|Any CPU
		Debug|ARM = Debug|ARM
		Debug|iPhone = Debug|iPhone
		Debug|iPhoneSimulator = Debug|iPhoneSimulator
		Debug|x64 = Debug|x64
		Debug|x86 = Debug|x86
		Release|Any CPU = Release|Any CPU
		Release|ARM = Release|ARM
		Release|iPhone = Release|iPhone
		Release|iPhoneSimulator = Release|iPhoneSimulator
		Release|x64 = Release|x64
		Release|x86 = Release|x86
	EndGlobalSection
	GlobalSection(ProjectConfigurationPlatforms) = postSolution
		{713511BF-6E52-4C80-8989-5DF850920186}.Debug|Any CPU.ActiveCfg = Debug|Any CPU
		{713511BF-6E52-4C80-8989-5DF850920186}.Debug|Any CPU.Build.0 = Debug|Any CPU
		{713511BF-6E52-4C80-8989-5DF850920186}.Debug|Any CPU.Deploy.0 = Debug|Any CPU
		{713511BF-6E52-4C80-8989-5DF850920186}.Debug|ARM.ActiveCfg = Debug|Any CPU
		{713511BF-6E52-4C80-8989-5DF850920186}.Debug|ARM.Build.0 = Debug|Any CPU
		{713511BF-6E52-4C80-8989-5DF850920186}.Debug|ARM.Deploy.0 = Debug|Any CPU
		{713511BF-6E52-4C80-8989-5DF850920186}.Debug|iPhone.ActiveCfg = Debug|Any CPU
		{713511BF-6E52-4C80-8989-5DF850920186}.Debug|iPhone.Build.0 = Debug|Any CPU
		{713511BF-6E52-4C80-8989-5DF850920186}.Debug|iPhone.Deploy.0 = Debug|Any CPU
		{713511BF-6E52-4C80-8989-5DF850920186}.Debug|iPhoneSimulator.ActiveCfg = Debug|Any CPU
		{713511BF-6E52-4C80-8989-5DF850920186}.Debug|iPhoneSimulator.Build.0 = Debug|Any CPU
		{713511BF-6E52-4C80-8989-5DF850920186}.Debug|iPhoneSimulator.Deploy.0 = Debug|Any CPU
		{713511BF-6E52-4C80-8989-5DF850920186}.Debug|x64.ActiveCfg = Debug|Any CPU
		{713511BF-6E52-4C80-8989-5DF850920186}.Debug|x64.Build.0 = Debug|Any CPU
		{713511BF-6E52-4C80-8989-5DF850920186}.Debug|x64.Deploy.0 = Debug|Any CPU
		{713511BF-6E52-4C80-8989-5DF850920186}.Debug|x86.ActiveCfg = Debug|Any CPU
		{713511BF-6E52-4C80-8989-5DF850920186}.Debug|x86.Build.0 = Debug|Any CPU
		{713511BF-6E52-4C80-8989-5DF850920186}.Debug|x86.Deploy.0 = Debug|Any CPU
		{713511BF-6E52-4C80-8989-5DF850920186}.Release|Any CPU.ActiveCfg = Release|Any CPU
		{713511BF-6E52-4C80-8989-5DF850920186}.Release|Any CPU.Build.0 = Release|Any CPU
		{713511BF-6E52-4C80-8989-5DF850920186}.Release|Any CPU.Deploy.0 = Release|Any CPU
		{713511BF-6E52-4C80-8989-5DF850920186}.Release|ARM.ActiveCfg = Release|Any CPU
		{713511BF-6E52-4C80-8989-5DF850920186}.Release|ARM.Build.0 = Release|Any CPU
		{713511BF-6E52-4C80-8989-5DF850920186}.Release|ARM.Deploy.0 = Release|Any CPU
		{713511BF-6E52-4C80-8989-5DF850920186}.Release|iPhone.ActiveCfg = Release|Any CPU
		{713511BF-6E52-4C80-8989-5DF850920186}.Release|iPhone.Build.0 = Release|Any CPU
		{713511BF-6E52-4C80-8989-5DF850920186}.Release|iPhone.Deploy.0 = Release|Any CPU
		{713511BF-6E52-4C80-8989-5DF850920186}.Release|iPhoneSimulator.ActiveCfg = Release|Any CPU
		{713511BF-6E52-4C80-8989-5DF850920186}.Release|iPhoneSimulator.Build.0 = Release|Any CPU
		{713511BF-6E52-4C80-8989-5DF850920186}.Release|iPhoneSimulator.Deploy.0 = Release|Any CPU
		{713511BF-6E52-4C80-8989-5DF850920186}.Release|x64.ActiveCfg = Release|Any CPU
		{713511BF-6E52-4C80-8989-5DF850920186}.Release|x64.Build.0 = Release|Any CPU
		{713511BF-6E52-4C80-8989-5DF850920186}.Release|x64.Deploy.0 = Release|Any CPU
		{713511BF-6E52-4C80-8989-5DF850920186}.Release|x86.ActiveCfg = Release|Any CPU
		{713511BF-6E52-4C80-8989-5DF850920186}.Release|x86.Build.0 = Release|Any CPU
		{713511BF-6E52-4C80-8989-5DF850920186}.Release|x86.Deploy.0 = Release|Any CPU
		{09AB8D88-042D-44CE-A124-4E0B958A8313}.Debug|Any CPU.ActiveCfg = Debug|iPhoneSimulator
		{09AB8D88-042D-44CE-A124-4E0B958A8313}.Debug|Any CPU.Build.0 = Debug|iPhoneSimulator
		{09AB8D88-042D-44CE-A124-4E0B958A8313}.Debug|Any CPU.Deploy.0 = Debug|iPhoneSimulator
		{09AB8D88-042D-44CE-A124-4E0B958A8313}.Debug|ARM.ActiveCfg = Debug|iPhone
		{09AB8D88-042D-44CE-A124-4E0B958A8313}.Debug|ARM.Build.0 = Debug|iPhone
		{09AB8D88-042D-44CE-A124-4E0B958A8313}.Debug|ARM.Deploy.0 = Debug|iPhone
		{09AB8D88-042D-44CE-A124-4E0B958A8313}.Debug|iPhone.ActiveCfg = Debug|iPhone
		{09AB8D88-042D-44CE-A124-4E0B958A8313}.Debug|iPhone.Build.0 = Debug|iPhone
		{09AB8D88-042D-44CE-A124-4E0B958A8313}.Debug|iPhone.Deploy.0 = Debug|iPhone
		{09AB8D88-042D-44CE-A124-4E0B958A8313}.Debug|iPhoneSimulator.ActiveCfg = Debug|iPhoneSimulator
		{09AB8D88-042D-44CE-A124-4E0B958A8313}.Debug|iPhoneSimulator.Build.0 = Debug|iPhoneSimulator
		{09AB8D88-042D-44CE-A124-4E0B958A8313}.Debug|iPhoneSimulator.Deploy.0 = Debug|iPhoneSimulator
		{09AB8D88-042D-44CE-A124-4E0B958A8313}.Debug|x64.ActiveCfg = Debug|iPhone
		{09AB8D88-042D-44CE-A124-4E0B958A8313}.Debug|x64.Build.0 = Debug|iPhone
		{09AB8D88-042D-44CE-A124-4E0B958A8313}.Debug|x64.Deploy.0 = Debug|iPhone
		{09AB8D88-042D-44CE-A124-4E0B958A8313}.Debug|x86.ActiveCfg = Debug|iPhone
		{09AB8D88-042D-44CE-A124-4E0B958A8313}.Debug|x86.Build.0 = Debug|iPhone
		{09AB8D88-042D-44CE-A124-4E0B958A8313}.Debug|x86.Deploy.0 = Debug|iPhone
		{09AB8D88-042D-44CE-A124-4E0B958A8313}.Release|Any CPU.ActiveCfg = Release|iPhone
		{09AB8D88-042D-44CE-A124-4E0B958A8313}.Release|Any CPU.Build.0 = Release|iPhone
		{09AB8D88-042D-44CE-A124-4E0B958A8313}.Release|Any CPU.Deploy.0 = Release|iPhone
		{09AB8D88-042D-44CE-A124-4E0B958A8313}.Release|ARM.ActiveCfg = Release|iPhone
		{09AB8D88-042D-44CE-A124-4E0B958A8313}.Release|ARM.Build.0 = Release|iPhone
		{09AB8D88-042D-44CE-A124-4E0B958A8313}.Release|ARM.Deploy.0 = Release|iPhone
		{09AB8D88-042D-44CE-A124-4E0B958A8313}.Release|iPhone.ActiveCfg = Release|iPhone
		{09AB8D88-042D-44CE-A124-4E0B958A8313}.Release|iPhone.Build.0 = Release|iPhone
		{09AB8D88-042D-44CE-A124-4E0B958A8313}.Release|iPhone.Deploy.0 = Release|iPhone
		{09AB8D88-042D-44CE-A124-4E0B958A8313}.Release|iPhoneSimulator.ActiveCfg = Release|iPhoneSimulator
		{09AB8D88-042D-44CE-A124-4E0B958A8313}.Release|iPhoneSimulator.Build.0 = Release|iPhoneSimulator
		{09AB8D88-042D-44CE-A124-4E0B958A8313}.Release|iPhoneSimulator.Deploy.0 = Release|iPhoneSimulator
		{09AB8D88-042D-44CE-A124-4E0B958A8313}.Release|x64.ActiveCfg = Release|iPhone
		{09AB8D88-042D-44CE-A124-4E0B958A8313}.Release|x64.Build.0 = Release|iPhone
		{09AB8D88-042D-44CE-A124-4E0B958A8313}.Release|x64.Deploy.0 = Release|iPhone
		{09AB8D88-042D-44CE-A124-4E0B958A8313}.Release|x86.ActiveCfg = Release|iPhone
		{09AB8D88-042D-44CE-A124-4E0B958A8313}.Release|x86.Build.0 = Release|iPhone
		{09AB8D88-042D-44CE-A124-4E0B958A8313}.Release|x86.Deploy.0 = Release|iPhone
		{814D7A2C-140F-4A6A-BA3E-70561779EA29}.Debug|Any CPU.ActiveCfg = Debug|x86
		{814D7A2C-140F-4A6A-BA3E-70561779EA29}.Debug|Any CPU.Build.0 = Debug|x86
		{814D7A2C-140F-4A6A-BA3E-70561779EA29}.Debug|Any CPU.Deploy.0 = Debug|x86
		{814D7A2C-140F-4A6A-BA3E-70561779EA29}.Debug|ARM.ActiveCfg = Debug|ARM
		{814D7A2C-140F-4A6A-BA3E-70561779EA29}.Debug|ARM.Build.0 = Debug|ARM
		{814D7A2C-140F-4A6A-BA3E-70561779EA29}.Debug|ARM.Deploy.0 = Debug|ARM
		{814D7A2C-140F-4A6A-BA3E-70561779EA29}.Debug|iPhone.ActiveCfg = Debug|x86
		{814D7A2C-140F-4A6A-BA3E-70561779EA29}.Debug|iPhone.Build.0 = Debug|x86
		{814D7A2C-140F-4A6A-BA3E-70561779EA29}.Debug|iPhone.Deploy.0 = Debug|x86
		{814D7A2C-140F-4A6A-BA3E-70561779EA29}.Debug|iPhoneSimulator.ActiveCfg = Debug|x86
		{814D7A2C-140F-4A6A-BA3E-70561779EA29}.Debug|iPhoneSimulator.Build.0 = Debug|x86
		{814D7A2C-140F-4A6A-BA3E-70561779EA29}.Debug|iPhoneSimulator.Deploy.0 = Debug|x86
		{814D7A2C-140F-4A6A-BA3E-70561779EA29}.Debug|x64.ActiveCfg = Debug|x64
		{814D7A2C-140F-4A6A-BA3E-70561779EA29}.Debug|x64.Build.0 = Debug|x64
		{814D7A2C-140F-4A6A-BA3E-70561779EA29}.Debug|x64.Deploy.0 = Debug|x64
		{814D7A2C-140F-4A6A-BA3E-70561779EA29}.Debug|x86.ActiveCfg = Debug|x86
		{814D7A2C-140F-4A6A-BA3E-70561779EA29}.Debug|x86.Build.0 = Debug|x86
		{814D7A2C-140F-4A6A-BA3E-70561779EA29}.Debug|x86.Deploy.0 = Debug|x86
		{814D7A2C-140F-4A6A-BA3E-70561779EA29}.Release|Any CPU.ActiveCfg = Release|x86
		{814D7A2C-140F-4A6A-BA3E-70561779EA29}.Release|Any CPU.Build.0 = Release|x86
		{814D7A2C-140F-4A6A-BA3E-70561779EA29}.Release|Any CPU.Deploy.0 = Release|x86
		{814D7A2C-140F-4A6A-BA3E-70561779EA29}.Release|ARM.ActiveCfg = Release|ARM
		{814D7A2C-140F-4A6A-BA3E-70561779EA29}.Release|ARM.Build.0 = Release|ARM
		{814D7A2C-140F-4A6A-BA3E-70561779EA29}.Release|ARM.Deploy.0 = Release|ARM
		{814D7A2C-140F-4A6A-BA3E-70561779EA29}.Release|iPhone.ActiveCfg = Release|x86
		{814D7A2C-140F-4A6A-BA3E-70561779EA29}.Release|iPhone.Build.0 = Release|x86
		{814D7A2C-140F-4A6A-BA3E-70561779EA29}.Release|iPhone.Deploy.0 = Release|x86
		{814D7A2C-140F-4A6A-BA3E-70561779EA29}.Release|iPhoneSimulator.ActiveCfg = Release|x86
		{814D7A2C-140F-4A6A-BA3E-70561779EA29}.Release|iPhoneSimulator.Build.0 = Release|x86
		{814D7A2C-140F-4A6A-BA3E-70561779EA29}.Release|iPhoneSimulator.Deploy.0 = Release|x86
		{814D7A2C-140F-4A6A-BA3E-70561779EA29}.Release|x64.ActiveCfg = Release|x64
		{814D7A2C-140F-4A6A-BA3E-70561779EA29}.Release|x64.Build.0 = Release|x64
		{814D7A2C-140F-4A6A-BA3E-70561779EA29}.Release|x64.Deploy.0 = Release|x64
		{814D7A2C-140F-4A6A-BA3E-70561779EA29}.Release|x86.ActiveCfg = Release|x86
		{814D7A2C-140F-4A6A-BA3E-70561779EA29}.Release|x86.Build.0 = Release|x86
		{814D7A2C-140F-4A6A-BA3E-70561779EA29}.Release|x86.Deploy.0 = Release|x86
		{9C8B082A-EC14-4FAE-A125-BE89FF7BBDEA}.Debug|Any CPU.ActiveCfg = Debug|Any CPU
		{9C8B082A-EC14-4FAE-A125-BE89FF7BBDEA}.Debug|Any CPU.Build.0 = Debug|Any CPU
		{9C8B082A-EC14-4FAE-A125-BE89FF7BBDEA}.Debug|Any CPU.Deploy.0 = Debug|Any CPU
		{9C8B082A-EC14-4FAE-A125-BE89FF7BBDEA}.Debug|ARM.ActiveCfg = Debug|Any CPU
		{9C8B082A-EC14-4FAE-A125-BE89FF7BBDEA}.Debug|ARM.Build.0 = Debug|Any CPU
		{9C8B082A-EC14-4FAE-A125-BE89FF7BBDEA}.Debug|ARM.Deploy.0 = Debug|Any CPU
		{9C8B082A-EC14-4FAE-A125-BE89FF7BBDEA}.Debug|iPhone.ActiveCfg = Debug|Any CPU
		{9C8B082A-EC14-4FAE-A125-BE89FF7BBDEA}.Debug|iPhone.Build.0 = Debug|Any CPU
		{9C8B082A-EC14-4FAE-A125-BE89FF7BBDEA}.Debug|iPhone.Deploy.0 = Debug|Any CPU
		{9C8B082A-EC14-4FAE-A125-BE89FF7BBDEA}.Debug|iPhoneSimulator.ActiveCfg = Debug|Any CPU
		{9C8B082A-EC14-4FAE-A125-BE89FF7BBDEA}.Debug|iPhoneSimulator.Build.0 = Debug|Any CPU
		{9C8B082A-EC14-4FAE-A125-BE89FF7BBDEA}.Debug|iPhoneSimulator.Deploy.0 = Debug|Any CPU
		{9C8B082A-EC14-4FAE-A125-BE89FF7BBDEA}.Debug|x64.ActiveCfg = Debug|Any CPU
		{9C8B082A-EC14-4FAE-A125-BE89FF7BBDEA}.Debug|x64.Build.0 = Debug|Any CPU
		{9C8B082A-EC14-4FAE-A125-BE89FF7BBDEA}.Debug|x64.Deploy.0 = Debug|Any CPU
		{9C8B082A-EC14-4FAE-A125-BE89FF7BBDEA}.Debug|x86.ActiveCfg = Debug|Any CPU
		{9C8B082A-EC14-4FAE-A125-BE89FF7BBDEA}.Debug|x86.Build.0 = Debug|Any CPU
		{9C8B082A-EC14-4FAE-A125-BE89FF7BBDEA}.Debug|x86.Deploy.0 = Debug|Any CPU
		{9C8B082A-EC14-4FAE-A125-BE89FF7BBDEA}.Release|Any CPU.ActiveCfg = Release|Any CPU
		{9C8B082A-EC14-4FAE-A125-BE89FF7BBDEA}.Release|Any CPU.Build.0 = Release|Any CPU
		{9C8B082A-EC14-4FAE-A125-BE89FF7BBDEA}.Release|Any CPU.Deploy.0 = Release|Any CPU
		{9C8B082A-EC14-4FAE-A125-BE89FF7BBDEA}.Release|ARM.ActiveCfg = Release|Any CPU
		{9C8B082A-EC14-4FAE-A125-BE89FF7BBDEA}.Release|ARM.Build.0 = Release|Any CPU
		{9C8B082A-EC14-4FAE-A125-BE89FF7BBDEA}.Release|ARM.Deploy.0 = Release|Any CPU
		{9C8B082A-EC14-4FAE-A125-BE89FF7BBDEA}.Release|iPhone.ActiveCfg = Release|Any CPU
		{9C8B082A-EC14-4FAE-A125-BE89FF7BBDEA}.Release|iPhone.Build.0 = Release|Any CPU
		{9C8B082A-EC14-4FAE-A125-BE89FF7BBDEA}.Release|iPhone.Deploy.0 = Release|Any CPU
		{9C8B082A-EC14-4FAE-A125-BE89FF7BBDEA}.Release|iPhoneSimulator.ActiveCfg = Release|Any CPU
		{9C8B082A-EC14-4FAE-A125-BE89FF7BBDEA}.Release|iPhoneSimulator.Build.0 = Release|Any CPU
		{9C8B082A-EC14-4FAE-A125-BE89FF7BBDEA}.Release|iPhoneSimulator.Deploy.0 = Release|Any CPU
		{9C8B082A-EC14-4FAE-A125-BE89FF7BBDEA}.Release|x64.ActiveCfg = Release|Any CPU
		{9C8B082A-EC14-4FAE-A125-BE89FF7BBDEA}.Release|x64.Build.0 = Release|Any CPU
		{9C8B082A-EC14-4FAE-A125-BE89FF7BBDEA}.Release|x64.Deploy.0 = Release|Any CPU
		{9C8B082A-EC14-4FAE-A125-BE89FF7BBDEA}.Release|x86.ActiveCfg = Release|Any CPU
		{9C8B082A-EC14-4FAE-A125-BE89FF7BBDEA}.Release|x86.Build.0 = Release|Any CPU
		{9C8B082A-EC14-4FAE-A125-BE89FF7BBDEA}.Release|x86.Deploy.0 = Release|Any CPU
		{8A956AF9-7710-42C3-8D8C-A31990C01E0B}.Debug|Any CPU.ActiveCfg = Debug|Any CPU
		{8A956AF9-7710-42C3-8D8C-A31990C01E0B}.Debug|Any CPU.Build.0 = Debug|Any CPU
		{8A956AF9-7710-42C3-8D8C-A31990C01E0B}.Debug|Any CPU.Deploy.0 = Debug|Any CPU
		{8A956AF9-7710-42C3-8D8C-A31990C01E0B}.Debug|ARM.ActiveCfg = Debug|Any CPU
		{8A956AF9-7710-42C3-8D8C-A31990C01E0B}.Debug|ARM.Build.0 = Debug|Any CPU
		{8A956AF9-7710-42C3-8D8C-A31990C01E0B}.Debug|ARM.Deploy.0 = Debug|Any CPU
		{8A956AF9-7710-42C3-8D8C-A31990C01E0B}.Debug|iPhone.ActiveCfg = Debug|Any CPU
		{8A956AF9-7710-42C3-8D8C-A31990C01E0B}.Debug|iPhone.Build.0 = Debug|Any CPU
		{8A956AF9-7710-42C3-8D8C-A31990C01E0B}.Debug|iPhone.Deploy.0 = Debug|Any CPU
		{8A956AF9-7710-42C3-8D8C-A31990C01E0B}.Debug|iPhoneSimulator.ActiveCfg = Debug|Any CPU
		{8A956AF9-7710-42C3-8D8C-A31990C01E0B}.Debug|iPhoneSimulator.Build.0 = Debug|Any CPU
		{8A956AF9-7710-42C3-8D8C-A31990C01E0B}.Debug|iPhoneSimulator.Deploy.0 = Debug|Any CPU
		{8A956AF9-7710-42C3-8D8C-A31990C01E0B}.Debug|x64.ActiveCfg = Debug|Any CPU
		{8A956AF9-7710-42C3-8D8C-A31990C01E0B}.Debug|x64.Build.0 = Debug|Any CPU
		{8A956AF9-7710-42C3-8D8C-A31990C01E0B}.Debug|x64.Deploy.0 = Debug|Any CPU
		{8A956AF9-7710-42C3-8D8C-A31990C01E0B}.Debug|x86.ActiveCfg = Debug|Any CPU
		{8A956AF9-7710-42C3-8D8C-A31990C01E0B}.Debug|x86.Build.0 = Debug|Any CPU
		{8A956AF9-7710-42C3-8D8C-A31990C01E0B}.Debug|x86.Deploy.0 = Debug|Any CPU
		{8A956AF9-7710-42C3-8D8C-A31990C01E0B}.Release|Any CPU.ActiveCfg = Release|Any CPU
		{8A956AF9-7710-42C3-8D8C-A31990C01E0B}.Release|Any CPU.Build.0 = Release|Any CPU
		{8A956AF9-7710-42C3-8D8C-A31990C01E0B}.Release|Any CPU.Deploy.0 = Release|Any CPU
		{8A956AF9-7710-42C3-8D8C-A31990C01E0B}.Release|ARM.ActiveCfg = Release|Any CPU
		{8A956AF9-7710-42C3-8D8C-A31990C01E0B}.Release|ARM.Build.0 = Release|Any CPU
		{8A956AF9-7710-42C3-8D8C-A31990C01E0B}.Release|ARM.Deploy.0 = Release|Any CPU
		{8A956AF9-7710-42C3-8D8C-A31990C01E0B}.Release|iPhone.ActiveCfg = Release|Any CPU
		{8A956AF9-7710-42C3-8D8C-A31990C01E0B}.Release|iPhone.Build.0 = Release|Any CPU
		{8A956AF9-7710-42C3-8D8C-A31990C01E0B}.Release|iPhone.Deploy.0 = Release|Any CPU
		{8A956AF9-7710-42C3-8D8C-A31990C01E0B}.Release|iPhoneSimulator.ActiveCfg = Release|Any CPU
		{8A956AF9-7710-42C3-8D8C-A31990C01E0B}.Release|iPhoneSimulator.Build.0 = Release|Any CPU
		{8A956AF9-7710-42C3-8D8C-A31990C01E0B}.Release|iPhoneSimulator.Deploy.0 = Release|Any CPU
		{8A956AF9-7710-42C3-8D8C-A31990C01E0B}.Release|x64.ActiveCfg = Release|Any CPU
		{8A956AF9-7710-42C3-8D8C-A31990C01E0B}.Release|x64.Build.0 = Release|Any CPU
		{8A956AF9-7710-42C3-8D8C-A31990C01E0B}.Release|x64.Deploy.0 = Release|Any CPU
		{8A956AF9-7710-42C3-8D8C-A31990C01E0B}.Release|x86.ActiveCfg = Release|Any CPU
		{8A956AF9-7710-42C3-8D8C-A31990C01E0B}.Release|x86.Build.0 = Release|Any CPU
		{8A956AF9-7710-42C3-8D8C-A31990C01E0B}.Release|x86.Deploy.0 = Release|Any CPU
	EndGlobalSection
	GlobalSection(SolutionProperties) = preSolution
		HideSolutionNode = FALSE
	EndGlobalSection
	GlobalSection(ExtensibilityGlobals) = postSolution
		SolutionGuid = {D82A102D-AD1E-4D88-9DD5-19E76A761D2C}
	EndGlobalSection
EndGlobal
